PODS:
  - Amplify (1.28.1):
    - Amplify/Default (= 1.28.1)
  - Amplify/Default (1.28.1)
  - AmplifyPlugins/AWSCognitoAuthPlugin (1.28.1):
    - AWSAuthCore (~> 2.28.0)
    - AWSCognitoIdentityProvider (~> 2.28.0)
    - AWSCognitoIdentityProviderASF (~> 2.28.0)
    - AWSCore (~> 2.28.0)
    - AWSMobileClient (~> 2.28.0)
    - AWSPluginsCore (= 1.28.1)
  - AmplifyPlugins/AWSS3StoragePlugin (1.28.1):
    - AWSCore (~> 2.28.0)
    - AWSPluginsCore (= 1.28.1)
    - AWSS3 (~> 2.28.0)
  - AWSAuthCore (2.28.0):
    - AWSCore (= 2.28.0)
  - AWSCognitoIdentityProvider (2.28.0):
    - AWSCognitoIdentityProviderASF (= 2.28.0)
    - AWSCore (= 2.28.0)
  - AWSCognitoIdentityProviderASF (2.28.0):
    - AWSCore (= 2.28.0)
  - AWSCore (2.28.0)
  - AWSMobileClient (2.28.0):
    - AWSAuthCore (= 2.28.0)
    - AWSCognitoIdentityProvider (= 2.28.0)
    - AWSCognitoIdentityProviderASF (= 2.28.0)
    - AWSCore (= 2.28.0)
  - AWSPluginsCore (1.28.1):
    - Amplify (= 1.28.1)
    - AWSCore (~> 2.28.0)
  - AWSS3 (2.28.0):
    - AWSCore (= 2.28.0)
  - BetterSegmentedControl (2.0.1)

DEPENDENCIES:
  - Amplify
  - AmplifyPlugins/AWSCognitoAuthPlugin
  - AmplifyPlugins/AWSS3StoragePlugin
  - BetterSegmentedControl (~> 2.0)

SPEC REPOS:
  trunk:
    - Amplify
    - AmplifyPlugins
    - AWSAuthCore
    - AWSCognitoIdentityProvider
    - AWSCognitoIdentityProviderASF
    - AWSCore
    - AWSMobileClient
    - AWSPluginsCore
    - AWSS3
    - BetterSegmentedControl

SPEC CHECKSUMS:
  Amplify: 050d2daf2c5754eab171606fa3e35619c4babf6e
  AmplifyPlugins: 55b7fe0fe9a4788b0602b9e65601a832b814a96a
  AWSAuthCore: 658c331fe5cbc58608ced499aa0d8d46c57e9c96
  AWSCognitoIdentityProvider: 9778edc430206a1bf67ff5f0c7a7b130fa4a5380
  AWSCognitoIdentityProviderASF: a82f81ad75fce6d8c826ed394fa3cf7c51306897
  AWSCore: 0ebe9ba8a459893cdf268ce0bae61875efd0182b
  AWSMobileClient: 8d466f135e8d851a76e57cbfe65bb67eb522b64c
  AWSPluginsCore: a12e315533b041485d722bdb394bf150ad9cc78e
  AWSS3: 40a2bed039c432e580f1d4b4f740ca80f0610a9e
  BetterSegmentedControl: 09607b27861d49cbce48b7673b74f9150a3d371a

PODFILE CHECKSUM: 7315544744af4b4f384258944aae584852c618cd

COCOAPODS: 1.11.3
