PODS:
  - Amplify (1.30.4):
    - Amplify/Default (= 1.30.4)
  - Amplify/Default (1.30.4)
  - AmplifyPlugins/AWSCognitoAuthPlugin (1.30.4):
    - AWSAuthCore (~> 2.33.0)
    - AWSCognitoIdentityProvider (~> 2.33.0)
    - AWSCognitoIdentityProviderASF (~> 2.33.0)
    - AWSCore (~> 2.33.0)
    - AWSMobileClient (~> 2.33.0)
    - AWSPluginsCore (= 1.30.4)
  - AmplifyPlugins/AWSS3StoragePlugin (1.30.4):
    - AWSCore (~> 2.33.0)
    - AWSPluginsCore (= 1.30.4)
    - AWSS3 (~> 2.33.0)
  - AWSAuthCore (2.33.4):
    - AWSCore (= 2.33.4)
  - AWSCognitoIdentityProvider (2.33.4):
    - AWSCognitoIdentityProviderASF (= 2.33.4)
    - AWSCore (= 2.33.4)
  - AWSCognitoIdentityProviderASF (2.33.4):
    - AWSCore (= 2.33.4)
  - AWSCore (2.33.4)
  - AWSMobileClient (2.33.4):
    - AWSAuthCore (= 2.33.4)
    - AWSCognitoIdentityProvider (= 2.33.4)
    - AWSCognitoIdentityProviderASF (= 2.33.4)
    - AWSCore (= 2.33.4)
  - AWSPluginsCore (1.30.4):
    - Amplify (= 1.30.4)
    - AWSCore (~> 2.33.0)
  - AWSS3 (2.33.4):
    - AWSCore (= 2.33.4)
  - BetterSegmentedControl (2.0.1)

DEPENDENCIES:
  - Amplify
  - AmplifyPlugins/AWSCognitoAuthPlugin
  - AmplifyPlugins/AWSS3StoragePlugin
  - BetterSegmentedControl (~> 2.0)

SPEC REPOS:
  trunk:
    - Amplify
    - AmplifyPlugins
    - AWSAuthCore
    - AWSCognitoIdentityProvider
    - AWSCognitoIdentityProviderASF
    - AWSCore
    - AWSMobileClient
    - AWSPluginsCore
    - AWSS3
    - BetterSegmentedControl

SPEC CHECKSUMS:
  Amplify: 4e41668c8801667e174ab50c12bc3099c71a257f
  AmplifyPlugins: 1335f0919aa07329df58685a020f2311c75a5176
  AWSAuthCore: 0584cee14bd5a692b8daa1c43b06df9524533692
  AWSCognitoIdentityProvider: 74464aeebddb8546586f979c8ed055180a4b1855
  AWSCognitoIdentityProviderASF: 28c6a2916512c08ded36b1aab4d92a1b5805d868
  AWSCore: 83e3416d2224ba98b61d8eadcfcb1f90f48fab82
  AWSMobileClient: ff115272d8b29f05443f82f5800036c498c5ca8b
  AWSPluginsCore: f2188458c27e6cb09597c67876f80611d14275d7
  AWSS3: a0d31bc565dc8a6c5eaa756610ac15704c100674
  BetterSegmentedControl: 09607b27861d49cbce48b7673b74f9150a3d371a

PODFILE CHECKSUM: 71b6fd90c493d153609376b46d10e2bad93d3760

COCOAPODS: 1.11.3
