// !$*UTF8*$!
{
	archiveVersion = 1;
	classes = {
	};
	objectVersion = 55;
	objects = {

/* Begin PBXBuildFile section */
		C04029DD28C84E5900F83CD9 /* BaoAnGongFisherApp.swift in Sources */ = {isa = PBXBuildFile; fileRef = C04029DC28C84E5900F83CD9 /* BaoAnGongFisherApp.swift */; };
		C04029DF28C84E5900F83CD9 /* ToxicFishListView.swift in Sources */ = {isa = PBXBuildFile; fileRef = C04029DE28C84E5900F83CD9 /* ToxicFishListView.swift */; };
		C04029E128C84E5A00F83CD9 /* Assets.xcassets in Resources */ = {isa = PBXBuildFile; fileRef = C04029E028C84E5A00F83CD9 /* Assets.xcassets */; };
		C04029E428C84E5A00F83CD9 /* Preview Assets.xcassets in Resources */ = {isa = PBXBuildFile; fileRef = C04029E328C84E5A00F83CD9 /* Preview Assets.xcassets */; };
		C04029E628C84E5A00F83CD9 /* Persistence.swift in Sources */ = {isa = PBXBuildFile; fileRef = C04029E528C84E5A00F83CD9 /* Persistence.swift */; };
		C04029E928C84E5A00F83CD9 /* BaoAnGongFisher.xcdatamodeld in Sources */ = {isa = PBXBuildFile; fileRef = C04029E728C84E5A00F83CD9 /* BaoAnGongFisher.xcdatamodeld */; };
		C04029F328C84E5A00F83CD9 /* BaoAnGongFisherTests.swift in Sources */ = {isa = PBXBuildFile; fileRef = C04029F228C84E5A00F83CD9 /* BaoAnGongFisherTests.swift */; };
		C04029FD28C84E5A00F83CD9 /* BaoAnGongFisherUITests.swift in Sources */ = {isa = PBXBuildFile; fileRef = C04029FC28C84E5A00F83CD9 /* BaoAnGongFisherUITests.swift */; };
		C04029FF28C84E5A00F83CD9 /* BaoAnGongFisherUITestsLaunchTests.swift in Sources */ = {isa = PBXBuildFile; fileRef = C04029FE28C84E5A00F83CD9 /* BaoAnGongFisherUITestsLaunchTests.swift */; };
		C0A4FC5228D212AA00DACE2E /* FishingLocationView.swift in Sources */ = {isa = PBXBuildFile; fileRef = C0A4FC5128D212AA00DACE2E /* FishingLocationView.swift */; };
		C0A8F3B528DF531C00CDCFE2 /* MySecretLocations.json in Resources */ = {isa = PBXBuildFile; fileRef = C0A8F3B428DF531C00CDCFE2 /* MySecretLocations.json */; };
		C0A8F3B928DF558400CDCFE2 /* SecretLocationsDataLoader.swift in Sources */ = {isa = PBXBuildFile; fileRef = C0A8F3B828DF558400CDCFE2 /* SecretLocationsDataLoader.swift */; };
		C0C3BBD928D9EAB000721EB9 /* SecretLocation.swift in Sources */ = {isa = PBXBuildFile; fileRef = C0C3BBD828D9EAAF00721EB9 /* SecretLocation.swift */; };
		C0C3BBDB28DCACF100721EB9 /* AddPinAlert.swift in Sources */ = {isa = PBXBuildFile; fileRef = C0C3BBDA28DCACF000721EB9 /* AddPinAlert.swift */; };
		C0FFBFE928CAC5FC00E2202C /* ToxicFish.swift in Sources */ = {isa = PBXBuildFile; fileRef = C0FFBFE828CAC5FC00E2202C /* ToxicFish.swift */; };
/* End PBXBuildFile section */

/* Begin PBXContainerItemProxy section */
		C04029EF28C84E5A00F83CD9 /* PBXContainerItemProxy */ = {
			isa = PBXContainerItemProxy;
			containerPortal = C04029D128C84E5900F83CD9 /* Project object */;
			proxyType = 1;
			remoteGlobalIDString = C04029D828C84E5900F83CD9;
			remoteInfo = BaoAnGongFisher;
		};
		C04029F928C84E5A00F83CD9 /* PBXContainerItemProxy */ = {
			isa = PBXContainerItemProxy;
			containerPortal = C04029D128C84E5900F83CD9 /* Project object */;
			proxyType = 1;
			remoteGlobalIDString = C04029D828C84E5900F83CD9;
			remoteInfo = BaoAnGongFisher;
		};
/* End PBXContainerItemProxy section */

/* Begin PBXFileReference section */
		C04029D928C84E5900F83CD9 /* BaoAnGongFisher.app */ = {isa = PBXFileReference; explicitFileType = wrapper.application; includeInIndex = 0; path = BaoAnGongFisher.app; sourceTree = BUILT_PRODUCTS_DIR; };
		C04029DC28C84E5900F83CD9 /* BaoAnGongFisherApp.swift */ = {isa = PBXFileReference; lastKnownFileType = sourcecode.swift; path = BaoAnGongFisherApp.swift; sourceTree = "<group>"; };
		C04029DE28C84E5900F83CD9 /* ToxicFishListView.swift */ = {isa = PBXFileReference; lastKnownFileType = sourcecode.swift; path = ToxicFishListView.swift; sourceTree = "<group>"; };
		C04029E028C84E5A00F83CD9 /* Assets.xcassets */ = {isa = PBXFileReference; lastKnownFileType = folder.assetcatalog; path = Assets.xcassets; sourceTree = "<group>"; };
		C04029E328C84E5A00F83CD9 /* Preview Assets.xcassets */ = {isa = PBXFileReference; lastKnownFileType = folder.assetcatalog; path = "Preview Assets.xcassets"; sourceTree = "<group>"; };
		C04029E528C84E5A00F83CD9 /* Persistence.swift */ = {isa = PBXFileReference; lastKnownFileType = sourcecode.swift; path = Persistence.swift; sourceTree = "<group>"; };
		C04029E828C84E5A00F83CD9 /* BaoAnGongFisher.xcdatamodel */ = {isa = PBXFileReference; lastKnownFileType = wrapper.xcdatamodel; path = BaoAnGongFisher.xcdatamodel; sourceTree = "<group>"; };
		C04029EE28C84E5A00F83CD9 /* BaoAnGongFisherTests.xctest */ = {isa = PBXFileReference; explicitFileType = wrapper.cfbundle; includeInIndex = 0; path = BaoAnGongFisherTests.xctest; sourceTree = BUILT_PRODUCTS_DIR; };
		C04029F228C84E5A00F83CD9 /* BaoAnGongFisherTests.swift */ = {isa = PBXFileReference; lastKnownFileType = sourcecode.swift; path = BaoAnGongFisherTests.swift; sourceTree = "<group>"; };
		C04029F828C84E5A00F83CD9 /* BaoAnGongFisherUITests.xctest */ = {isa = PBXFileReference; explicitFileType = wrapper.cfbundle; includeInIndex = 0; path = BaoAnGongFisherUITests.xctest; sourceTree = BUILT_PRODUCTS_DIR; };
		C04029FC28C84E5A00F83CD9 /* BaoAnGongFisherUITests.swift */ = {isa = PBXFileReference; lastKnownFileType = sourcecode.swift; path = BaoAnGongFisherUITests.swift; sourceTree = "<group>"; };
		C04029FE28C84E5A00F83CD9 /* BaoAnGongFisherUITestsLaunchTests.swift */ = {isa = PBXFileReference; lastKnownFileType = sourcecode.swift; path = BaoAnGongFisherUITestsLaunchTests.swift; sourceTree = "<group>"; };
		C0A4FC5128D212AA00DACE2E /* FishingLocationView.swift */ = {isa = PBXFileReference; lastKnownFileType = sourcecode.swift; path = FishingLocationView.swift; sourceTree = "<group>"; };
		C0A8F3B428DF531C00CDCFE2 /* MySecretLocations.json */ = {isa = PBXFileReference; fileEncoding = 4; lastKnownFileType = text.json; name = MySecretLocations.json; path = ../../../../Downloads/MySecretLocations.json; sourceTree = "<group>"; };
		C0A8F3B828DF558400CDCFE2 /* SecretLocationsDataLoader.swift */ = {isa = PBXFileReference; lastKnownFileType = sourcecode.swift; path = SecretLocationsDataLoader.swift; sourceTree = "<group>"; };
		C0C3BBD728D77FE000721EB9 /* libsqlite3.tbd */ = {isa = PBXFileReference; lastKnownFileType = "sourcecode.text-based-dylib-definition"; name = libsqlite3.tbd; path = usr/lib/libsqlite3.tbd; sourceTree = SDKROOT; };
		C0C3BBD828D9EAAF00721EB9 /* SecretLocation.swift */ = {isa = PBXFileReference; lastKnownFileType = sourcecode.swift; path = SecretLocation.swift; sourceTree = "<group>"; };
		C0C3BBDA28DCACF000721EB9 /* AddPinAlert.swift */ = {isa = PBXFileReference; lastKnownFileType = sourcecode.swift; path = AddPinAlert.swift; sourceTree = "<group>"; };
		C0FFBFE828CAC5FC00E2202C /* ToxicFish.swift */ = {isa = PBXFileReference; lastKnownFileType = sourcecode.swift; path = ToxicFish.swift; sourceTree = "<group>"; };
/* End PBXFileReference section */

/* Begin PBXFrameworksBuildPhase section */
		C04029D628C84E5900F83CD9 /* Frameworks */ = {
			isa = PBXFrameworksBuildPhase;
			buildActionMask = 2147483647;
			files = (
			);
			runOnlyForDeploymentPostprocessing = 0;
		};
		C04029EB28C84E5A00F83CD9 /* Frameworks */ = {
			isa = PBXFrameworksBuildPhase;
			buildActionMask = 2147483647;
			files = (
			);
			runOnlyForDeploymentPostprocessing = 0;
		};
		C04029F528C84E5A00F83CD9 /* Frameworks */ = {
			isa = PBXFrameworksBuildPhase;
			buildActionMask = 2147483647;
			files = (
			);
			runOnlyForDeploymentPostprocessing = 0;
		};
/* End PBXFrameworksBuildPhase section */

/* Begin PBXGroup section */
		C04029D028C84E5900F83CD9 = {
			isa = PBXGroup;
			children = (
				C04029DB28C84E5900F83CD9 /* BaoAnGongFisher */,
				C04029F128C84E5A00F83CD9 /* BaoAnGongFisherTests */,
				C04029FB28C84E5A00F83CD9 /* BaoAnGongFisherUITests */,
				C04029DA28C84E5900F83CD9 /* Products */,
				C0C3BBD628D77FDF00721EB9 /* Frameworks */,
			);
			sourceTree = "<group>";
		};
		C04029DA28C84E5900F83CD9 /* Products */ = {
			isa = PBXGroup;
			children = (
				C04029D928C84E5900F83CD9 /* BaoAnGongFisher.app */,
				C04029EE28C84E5A00F83CD9 /* BaoAnGongFisherTests.xctest */,
				C04029F828C84E5A00F83CD9 /* BaoAnGongFisherUITests.xctest */,
			);
			name = Products;
			sourceTree = "<group>";
		};
		C04029DB28C84E5900F83CD9 /* BaoAnGongFisher */ = {
			isa = PBXGroup;
			children = (
				C0A8F3B428DF531C00CDCFE2 /* MySecretLocations.json */,
				C04029DC28C84E5900F83CD9 /* BaoAnGongFisherApp.swift */,
				C0FFBFE828CAC5FC00E2202C /* ToxicFish.swift */,
				C04029DE28C84E5900F83CD9 /* ToxicFishListView.swift */,
				C0C3BBDA28DCACF000721EB9 /* AddPinAlert.swift */,
				C0C3BBD828D9EAAF00721EB9 /* SecretLocation.swift */,
				C0A4FC5128D212AA00DACE2E /* FishingLocationView.swift */,
				C04029E028C84E5A00F83CD9 /* Assets.xcassets */,
				C04029E528C84E5A00F83CD9 /* Persistence.swift */,
				C04029E728C84E5A00F83CD9 /* BaoAnGongFisher.xcdatamodeld */,
				C04029E228C84E5A00F83CD9 /* Preview Content */,
				C0A8F3B828DF558400CDCFE2 /* SecretLocationsDataLoader.swift */,
			);
			path = BaoAnGongFisher;
			sourceTree = "<group>";
		};
		C04029E228C84E5A00F83CD9 /* Preview Content */ = {
			isa = PBXGroup;
			children = (
				C04029E328C84E5A00F83CD9 /* Preview Assets.xcassets */,
			);
			path = "Preview Content";
			sourceTree = "<group>";
		};
		C04029F128C84E5A00F83CD9 /* BaoAnGongFisherTests */ = {
			isa = PBXGroup;
			children = (
				C04029F228C84E5A00F83CD9 /* BaoAnGongFisherTests.swift */,
			);
			path = BaoAnGongFisherTests;
			sourceTree = "<group>";
		};
		C04029FB28C84E5A00F83CD9 /* BaoAnGongFisherUITests */ = {
			isa = PBXGroup;
			children = (
				C04029FC28C84E5A00F83CD9 /* BaoAnGongFisherUITests.swift */,
				C04029FE28C84E5A00F83CD9 /* BaoAnGongFisherUITestsLaunchTests.swift */,
			);
			path = BaoAnGongFisherUITests;
			sourceTree = "<group>";
		};
		C0C3BBD628D77FDF00721EB9 /* Frameworks */ = {
			isa = PBXGroup;
			children = (
				C0C3BBD728D77FE000721EB9 /* libsqlite3.tbd */,
			);
			name = Frameworks;
			sourceTree = "<group>";
		};
/* End PBXGroup section */

/* Begin PBXNativeTarget section */
		C04029D828C84E5900F83CD9 /* BaoAnGongFisher */ = {
			isa = PBXNativeTarget;
			buildConfigurationList = C0402A0228C84E5A00F83CD9 /* Build configuration list for PBXNativeTarget "BaoAnGongFisher" */;
			buildPhases = (
				C04029D528C84E5900F83CD9 /* Sources */,
				C04029D628C84E5900F83CD9 /* Frameworks */,
				C04029D728C84E5900F83CD9 /* Resources */,
			);
			buildRules = (
			);
			dependencies = (
			);
			name = BaoAnGongFisher;
			productName = BaoAnGongFisher;
			productReference = C04029D928C84E5900F83CD9 /* BaoAnGongFisher.app */;
			productType = "com.apple.product-type.application";
		};
		C04029ED28C84E5A00F83CD9 /* BaoAnGongFisherTests */ = {
			isa = PBXNativeTarget;
			buildConfigurationList = C0402A0528C84E5A00F83CD9 /* Build configuration list for PBXNativeTarget "BaoAnGongFisherTests" */;
			buildPhases = (
				C04029EA28C84E5A00F83CD9 /* Sources */,
				C04029EB28C84E5A00F83CD9 /* Frameworks */,
				C04029EC28C84E5A00F83CD9 /* Resources */,
			);
			buildRules = (
			);
			dependencies = (
				C04029F028C84E5A00F83CD9 /* PBXTargetDependency */,
			);
			name = BaoAnGongFisherTests;
			productName = BaoAnGongFisherTests;
			productReference = C04029EE28C84E5A00F83CD9 /* BaoAnGongFisherTests.xctest */;
			productType = "com.apple.product-type.bundle.unit-test";
		};
		C04029F728C84E5A00F83CD9 /* BaoAnGongFisherUITests */ = {
			isa = PBXNativeTarget;
			buildConfigurationList = C0402A0828C84E5A00F83CD9 /* Build configuration list for PBXNativeTarget "BaoAnGongFisherUITests" */;
			buildPhases = (
				C04029F428C84E5A00F83CD9 /* Sources */,
				C04029F528C84E5A00F83CD9 /* Frameworks */,
				C04029F628C84E5A00F83CD9 /* Resources */,
			);
			buildRules = (
			);
			dependencies = (
				C04029FA28C84E5A00F83CD9 /* PBXTargetDependency */,
			);
			name = BaoAnGongFisherUITests;
			productName = BaoAnGongFisherUITests;
			productReference = C04029F828C84E5A00F83CD9 /* BaoAnGongFisherUITests.xctest */;
			productType = "com.apple.product-type.bundle.ui-testing";
		};
/* End PBXNativeTarget section */

/* Begin PBXProject section */
		C04029D128C84E5900F83CD9 /* Project object */ = {
			isa = PBXProject;
			attributes = {
				BuildIndependentTargetsInParallel = 1;
				LastSwiftUpdateCheck = 1340;
				LastUpgradeCheck = 1340;
				TargetAttributes = {
					C04029D828C84E5900F83CD9 = {
						CreatedOnToolsVersion = 13.4.1;
					};
					C04029ED28C84E5A00F83CD9 = {
						CreatedOnToolsVersion = 13.4.1;
						TestTargetID = C04029D828C84E5900F83CD9;
					};
					C04029F728C84E5A00F83CD9 = {
						CreatedOnToolsVersion = 13.4.1;
						TestTargetID = C04029D828C84E5900F83CD9;
					};
				};
			};
			buildConfigurationList = C04029D428C84E5900F83CD9 /* Build configuration list for PBXProject "BaoAnGongFisher" */;
			compatibilityVersion = "Xcode 13.0";
			developmentRegion = en;
			hasScannedForEncodings = 0;
			knownRegions = (
				en,
				Base,
			);
			mainGroup = C04029D028C84E5900F83CD9;
			productRefGroup = C04029DA28C84E5900F83CD9 /* Products */;
			projectDirPath = "";
			projectRoot = "";
			targets = (
				C04029D828C84E5900F83CD9 /* BaoAnGongFisher */,
				C04029ED28C84E5A00F83CD9 /* BaoAnGongFisherTests */,
				C04029F728C84E5A00F83CD9 /* BaoAnGongFisherUITests */,
			);
		};
/* End PBXProject section */

/* Begin PBXResourcesBuildPhase section */
		C04029D728C84E5900F83CD9 /* Resources */ = {
			isa = PBXResourcesBuildPhase;
			buildActionMask = 2147483647;
			files = (
				C04029E428C84E5A00F83CD9 /* Preview Assets.xcassets in Resources */,
				C0A8F3B528DF531C00CDCFE2 /* MySecretLocations.json in Resources */,
				C04029E128C84E5A00F83CD9 /* Assets.xcassets in Resources */,
			);
			runOnlyForDeploymentPostprocessing = 0;
		};
		C04029EC28C84E5A00F83CD9 /* Resources */ = {
			isa = PBXResourcesBuildPhase;
			buildActionMask = 2147483647;
			files = (
			);
			runOnlyForDeploymentPostprocessing = 0;
		};
		C04029F628C84E5A00F83CD9 /* Resources */ = {
			isa = PBXResourcesBuildPhase;
			buildActionMask = 2147483647;
			files = (
			);
			runOnlyForDeploymentPostprocessing = 0;
		};
/* End PBXResourcesBuildPhase section */

/* Begin PBXSourcesBuildPhase section */
		C04029D528C84E5900F83CD9 /* Sources */ = {
			isa = PBXSourcesBuildPhase;
			buildActionMask = 2147483647;
			files = (
				C04029E628C84E5A00F83CD9 /* Persistence.swift in Sources */,
				C04029E928C84E5A00F83CD9 /* BaoAnGongFisher.xcdatamodeld in Sources */,
				C0FFBFE928CAC5FC00E2202C /* ToxicFish.swift in Sources */,
				C04029DF28C84E5900F83CD9 /* ToxicFishListView.swift in Sources */,
				C0C3BBDB28DCACF100721EB9 /* AddPinAlert.swift in Sources */,
				C0A4FC5228D212AA00DACE2E /* FishingLocationView.swift in Sources */,
				C0C3BBD928D9EAB000721EB9 /* SecretLocation.swift in Sources */,
				C0A8F3B928DF558400CDCFE2 /* SecretLocationsDataLoader.swift in Sources */,
				C04029DD28C84E5900F83CD9 /* BaoAnGongFisherApp.swift in Sources */,
			);
			runOnlyForDeploymentPostprocessing = 0;
		};
		C04029EA28C84E5A00F83CD9 /* Sources */ = {
			isa = PBXSourcesBuildPhase;
			buildActionMask = 2147483647;
			files = (
				C04029F328C84E5A00F83CD9 /* BaoAnGongFisherTests.swift in Sources */,
			);
			runOnlyForDeploymentPostprocessing = 0;
		};
		C04029F428C84E5A00F83CD9 /* Sources */ = {
			isa = PBXSourcesBuildPhase;
			buildActionMask = 2147483647;
			files = (
				C04029FF28C84E5A00F83CD9 /* BaoAnGongFisherUITestsLaunchTests.swift in Sources */,
				C04029FD28C84E5A00F83CD9 /* BaoAnGongFisherUITests.swift in Sources */,
			);
			runOnlyForDeploymentPostprocessing = 0;
		};
/* End PBXSourcesBuildPhase section */

/* Begin PBXTargetDependency section */
		C04029F028C84E5A00F83CD9 /* PBXTargetDependency */ = {
			isa = PBXTargetDependency;
			target = C04029D828C84E5900F83CD9 /* BaoAnGongFisher */;
			targetProxy = C04029EF28C84E5A00F83CD9 /* PBXContainerItemProxy */;
		};
		C04029FA28C84E5A00F83CD9 /* PBXTargetDependency */ = {
			isa = PBXTargetDependency;
			target = C04029D828C84E5900F83CD9 /* BaoAnGongFisher */;
			targetProxy = C04029F928C84E5A00F83CD9 /* PBXContainerItemProxy */;
		};
/* End PBXTargetDependency section */

/* Begin XCBuildConfiguration section */
		C0402A0028C84E5A00F83CD9 /* Debug */ = {
			isa = XCBuildConfiguration;
			buildSettings = {
				ALWAYS_SEARCH_USER_PATHS = NO;
				CLANG_ANALYZER_NONNULL = YES;
				CLANG_ANALYZER_NUMBER_OBJECT_CONVERSION = YES_AGGRESSIVE;
				CLANG_CXX_LANGUAGE_STANDARD = "gnu++17";
				CLANG_ENABLE_MODULES = YES;
				CLANG_ENABLE_OBJC_ARC = YES;
				CLANG_ENABLE_OBJC_WEAK = YES;
				CLANG_WARN_BLOCK_CAPTURE_AUTORELEASING = YES;
				CLANG_WARN_BOOL_CONVERSION = YES;
				CLANG_WARN_COMMA = YES;
				CLANG_WARN_CONSTANT_CONVERSION = YES;
				CLANG_WARN_DEPRECATED_OBJC_IMPLEMENTATIONS = YES;
				CLANG_WARN_DIRECT_OBJC_ISA_USAGE = YES_ERROR;
				CLANG_WARN_DOCUMENTATION_COMMENTS = YES;
				CLANG_WARN_EMPTY_BODY = YES;
				CLANG_WARN_ENUM_CONVERSION = YES;
				CLANG_WARN_INFINITE_RECURSION = YES;
				CLANG_WARN_INT_CONVERSION = YES;
				CLANG_WARN_NON_LITERAL_NULL_CONVERSION = YES;
				CLANG_WARN_OBJC_IMPLICIT_RETAIN_SELF = YES;
				CLANG_WARN_OBJC_LITERAL_CONVERSION = YES;
				CLANG_WARN_OBJC_ROOT_CLASS = YES_ERROR;
				CLANG_WARN_QUOTED_INCLUDE_IN_FRAMEWORK_HEADER = YES;
				CLANG_WARN_RANGE_LOOP_ANALYSIS = YES;
				CLANG_WARN_STRICT_PROTOTYPES = YES;
				CLANG_WARN_SUSPICIOUS_MOVE = YES;
				CLANG_WARN_UNGUARDED_AVAILABILITY = YES_AGGRESSIVE;
				CLANG_WARN_UNREACHABLE_CODE = YES;
				CLANG_WARN__DUPLICATE_METHOD_MATCH = YES;
				COPY_PHASE_STRIP = NO;
				DEBUG_INFORMATION_FORMAT = dwarf;
				ENABLE_STRICT_OBJC_MSGSEND = YES;
				ENABLE_TESTABILITY = YES;
				GCC_C_LANGUAGE_STANDARD = gnu11;
				GCC_DYNAMIC_NO_PIC = NO;
				GCC_NO_COMMON_BLOCKS = YES;
				GCC_OPTIMIZATION_LEVEL = 0;
				GCC_PREPROCESSOR_DEFINITIONS = (
					"DEBUG=1",
					"$(inherited)",
				);
				GCC_WARN_64_TO_32_BIT_CONVERSION = YES;
				GCC_WARN_ABOUT_RETURN_TYPE = YES_ERROR;
				GCC_WARN_UNDECLARED_SELECTOR = YES;
				GCC_WARN_UNINITIALIZED_AUTOS = YES_AGGRESSIVE;
				GCC_WARN_UNUSED_FUNCTION = YES;
				GCC_WARN_UNUSED_VARIABLE = YES;
				IPHONEOS_DEPLOYMENT_TARGET = 15.5;
				MTL_ENABLE_DEBUG_INFO = INCLUDE_SOURCE;
				MTL_FAST_MATH = YES;
				ONLY_ACTIVE_ARCH = YES;
				SDKROOT = iphoneos;
				SWIFT_ACTIVE_COMPILATION_CONDITIONS = DEBUG;
				SWIFT_OPTIMIZATION_LEVEL = "-Onone";
			};
			name = Debug;
		};
		C0402A0128C84E5A00F83CD9 /* Release */ = {
			isa = XCBuildConfiguration;
			buildSettings = {
				ALWAYS_SEARCH_USER_PATHS = NO;
				CLANG_ANALYZER_NONNULL = YES;
				CLANG_ANALYZER_NUMBER_OBJECT_CONVERSION = YES_AGGRESSIVE;
				CLANG_CXX_LANGUAGE_STANDARD = "gnu++17";
				CLANG_ENABLE_MODULES = YES;
				CLANG_ENABLE_OBJC_ARC = YES;
				CLANG_ENABLE_OBJC_WEAK = YES;
				CLANG_WARN_BLOCK_CAPTURE_AUTORELEASING = YES;
				CLANG_WARN_BOOL_CONVERSION = YES;
				CLANG_WARN_COMMA = YES;
				CLANG_WARN_CONSTANT_CONVERSION = YES;
				CLANG_WARN_DEPRECATED_OBJC_IMPLEMENTATIONS = YES;
				CLANG_WARN_DIRECT_OBJC_ISA_USAGE = YES_ERROR;
				CLANG_WARN_DOCUMENTATION_COMMENTS = YES;
				CLANG_WARN_EMPTY_BODY = YES;
				CLANG_WARN_ENUM_CONVERSION = YES;
				CLANG_WARN_INFINITE_RECURSION = YES;
				CLANG_WARN_INT_CONVERSION = YES;
				CLANG_WARN_NON_LITERAL_NULL_CONVERSION = YES;
				CLANG_WARN_OBJC_IMPLICIT_RETAIN_SELF = YES;
				CLANG_WARN_OBJC_LITERAL_CONVERSION = YES;
				CLANG_WARN_OBJC_ROOT_CLASS = YES_ERROR;
				CLANG_WARN_QUOTED_INCLUDE_IN_FRAMEWORK_HEADER = YES;
				CLANG_WARN_RANGE_LOOP_ANALYSIS = YES;
				CLANG_WARN_STRICT_PROTOTYPES = YES;
				CLANG_WARN_SUSPICIOUS_MOVE = YES;
				CLANG_WARN_UNGUARDED_AVAILABILITY = YES_AGGRESSIVE;
				CLANG_WARN_UNREACHABLE_CODE = YES;
				CLANG_WARN__DUPLICATE_METHOD_MATCH = YES;
				COPY_PHASE_STRIP = NO;
				DEBUG_INFORMATION_FORMAT = "dwarf-with-dsym";
				ENABLE_NS_ASSERTIONS = NO;
				ENABLE_STRICT_OBJC_MSGSEND = YES;
				GCC_C_LANGUAGE_STANDARD = gnu11;
				GCC_NO_COMMON_BLOCKS = YES;
				GCC_WARN_64_TO_32_BIT_CONVERSION = YES;
				GCC_WARN_ABOUT_RETURN_TYPE = YES_ERROR;
				GCC_WARN_UNDECLARED_SELECTOR = YES;
				GCC_WARN_UNINITIALIZED_AUTOS = YES_AGGRESSIVE;
				GCC_WARN_UNUSED_FUNCTION = YES;
				GCC_WARN_UNUSED_VARIABLE = YES;
				IPHONEOS_DEPLOYMENT_TARGET = 15.5;
				MTL_ENABLE_DEBUG_INFO = NO;
				MTL_FAST_MATH = YES;
				SDKROOT = iphoneos;
				SWIFT_COMPILATION_MODE = wholemodule;
				SWIFT_OPTIMIZATION_LEVEL = "-O";
				VALIDATE_PRODUCT = YES;
			};
			name = Release;
		};
		C0402A0328C84E5A00F83CD9 /* Debug */ = {
			isa = XCBuildConfiguration;
			buildSettings = {
				ASSETCATALOG_COMPILER_APPICON_NAME = AppIcon;
				ASSETCATALOG_COMPILER_GLOBAL_ACCENT_COLOR_NAME = AccentColor;
				CODE_SIGN_IDENTITY = "Apple Development";
				CODE_SIGN_STYLE = Automatic;
				CURRENT_PROJECT_VERSION = 1;
				DEVELOPMENT_ASSET_PATHS = "\"BaoAnGongFisher/Preview Content\"";
				DEVELOPMENT_TEAM = FMQR7R9W5S;
				ENABLE_PREVIEWS = YES;
				GENERATE_INFOPLIST_FILE = YES;
				INFOPLIST_KEY_NSLocationWhenInUseUsageDescription = "授權保安宮釣客取得定位能力";
				INFOPLIST_KEY_UIApplicationSceneManifest_Generation = YES;
				INFOPLIST_KEY_UIApplicationSupportsIndirectInputEvents = YES;
				INFOPLIST_KEY_UILaunchScreen_Generation = YES;
				INFOPLIST_KEY_UISupportedInterfaceOrientations_iPad = "UIInterfaceOrientationPortrait UIInterfaceOrientationPortraitUpsideDown UIInterfaceOrientationLandscapeLeft UIInterfaceOrientationLandscapeRight";
				INFOPLIST_KEY_UISupportedInterfaceOrientations_iPhone = "UIInterfaceOrientationPortrait UIInterfaceOrientationLandscapeLeft UIInterfaceOrientationLandscapeRight";
				IPHONEOS_DEPLOYMENT_TARGET = 15.6;
				LD_RUNPATH_SEARCH_PATHS = (
					"$(inherited)",
					"@executable_path/Frameworks",
				);
				MARKETING_VERSION = 1.0;
				PRODUCT_BUNDLE_IDENTIFIER = nipapa.tw.BaoAnGongFisher;
				PRODUCT_NAME = "$(TARGET_NAME)";
				PROVISIONING_PROFILE_SPECIFIER = "";
				SWIFT_EMIT_LOC_STRINGS = YES;
				SWIFT_VERSION = 5.0;
				TARGETED_DEVICE_FAMILY = "1,2";
			};
			name = Debug;
		};
		C0402A0428C84E5A00F83CD9 /* Release */ = {
			isa = XCBuildConfiguration;
			buildSettings = {
				ASSETCATALOG_COMPILER_APPICON_NAME = AppIcon;
				ASSETCATALOG_COMPILER_GLOBAL_ACCENT_COLOR_NAME = AccentColor;
				CODE_SIGN_IDENTITY = "Apple Development";
				CODE_SIGN_STYLE = Automatic;
				CURRENT_PROJECT_VERSION = 1;
				DEVELOPMENT_ASSET_PATHS = "\"BaoAnGongFisher/Preview Content\"";
				DEVELOPMENT_TEAM = FMQR7R9W5S;
				ENABLE_PREVIEWS = YES;
				GENERATE_INFOPLIST_FILE = YES;
				INFOPLIST_KEY_NSLocationWhenInUseUsageDescription = "授權保安宮釣客取得定位能力";
				INFOPLIST_KEY_UIApplicationSceneManifest_Generation = YES;
				INFOPLIST_KEY_UIApplicationSupportsIndirectInputEvents = YES;
				INFOPLIST_KEY_UILaunchScreen_Generation = YES;
				INFOPLIST_KEY_UISupportedInterfaceOrientations_iPad = "UIInterfaceOrientationPortrait UIInterfaceOrientationPortraitUpsideDown UIInterfaceOrientationLandscapeLeft UIInterfaceOrientationLandscapeRight";
				INFOPLIST_KEY_UISupportedInterfaceOrientations_iPhone = "UIInterfaceOrientationPortrait UIInterfaceOrientationLandscapeLeft UIInterfaceOrientationLandscapeRight";
				IPHONEOS_DEPLOYMENT_TARGET = 15.6;
				LD_RUNPATH_SEARCH_PATHS = (
					"$(inherited)",
					"@executable_path/Frameworks",
				);
				MARKETING_VERSION = 1.0;
				PRODUCT_BUNDLE_IDENTIFIER = nipapa.tw.BaoAnGongFisher;
				PRODUCT_NAME = "$(TARGET_NAME)";
				PROVISIONING_PROFILE_SPECIFIER = "";
				SWIFT_EMIT_LOC_STRINGS = YES;
				SWIFT_VERSION = 5.0;
				TARGETED_DEVICE_FAMILY = "1,2";
			};
			name = Release;
		};
		C0402A0628C84E5A00F83CD9 /* Debug */ = {
			isa = XCBuildConfiguration;
			buildSettings = {
				ALWAYS_EMBED_SWIFT_STANDARD_LIBRARIES = YES;
				BUNDLE_LOADER = "$(TEST_HOST)";
				CODE_SIGN_STYLE = Automatic;
				CURRENT_PROJECT_VERSION = 1;
				DEVELOPMENT_TEAM = FMQR7R9W5S;
				GENERATE_INFOPLIST_FILE = YES;
				IPHONEOS_DEPLOYMENT_TARGET = 15.5;
				MARKETING_VERSION = 1.0;
				PRODUCT_BUNDLE_IDENTIFIER = nipapa.tw.BaoAnGongFisherTests;
				PRODUCT_NAME = "$(TARGET_NAME)";
				SWIFT_EMIT_LOC_STRINGS = NO;
				SWIFT_VERSION = 5.0;
				TARGETED_DEVICE_FAMILY = "1,2";
				TEST_HOST = "$(BUILT_PRODUCTS_DIR)/BaoAnGongFisher.app/BaoAnGongFisher";
			};
			name = Debug;
		};
		C0402A0728C84E5A00F83CD9 /* Release */ = {
			isa = XCBuildConfiguration;
			buildSettings = {
				ALWAYS_EMBED_SWIFT_STANDARD_LIBRARIES = YES;
				BUNDLE_LOADER = "$(TEST_HOST)";
				CODE_SIGN_STYLE = Automatic;
				CURRENT_PROJECT_VERSION = 1;
				DEVELOPMENT_TEAM = FMQR7R9W5S;
				GENERATE_INFOPLIST_FILE = YES;
				IPHONEOS_DEPLOYMENT_TARGET = 15.5;
				MARKETING_VERSION = 1.0;
				PRODUCT_BUNDLE_IDENTIFIER = nipapa.tw.BaoAnGongFisherTests;
				PRODUCT_NAME = "$(TARGET_NAME)";
				SWIFT_EMIT_LOC_STRINGS = NO;
				SWIFT_VERSION = 5.0;
				TARGETED_DEVICE_FAMILY = "1,2";
				TEST_HOST = "$(BUILT_PRODUCTS_DIR)/BaoAnGongFisher.app/BaoAnGongFisher";
			};
			name = Release;
		};
		C0402A0928C84E5A00F83CD9 /* Debug */ = {
			isa = XCBuildConfiguration;
			buildSettings = {
				ALWAYS_EMBED_SWIFT_STANDARD_LIBRARIES = YES;
				CODE_SIGN_STYLE = Automatic;
				CURRENT_PROJECT_VERSION = 1;
				DEVELOPMENT_TEAM = FMQR7R9W5S;
				GENERATE_INFOPLIST_FILE = YES;
				MARKETING_VERSION = 1.0;
				PRODUCT_BUNDLE_IDENTIFIER = nipapa.tw.BaoAnGongFisherUITests;
				PRODUCT_NAME = "$(TARGET_NAME)";
				SWIFT_EMIT_LOC_STRINGS = NO;
				SWIFT_VERSION = 5.0;
				TARGETED_DEVICE_FAMILY = "1,2";
				TEST_TARGET_NAME = BaoAnGongFisher;
			};
			name = Debug;
		};
		C0402A0A28C84E5A00F83CD9 /* Release */ = {
			isa = XCBuildConfiguration;
			buildSettings = {
				ALWAYS_EMBED_SWIFT_STANDARD_LIBRARIES = YES;
				CODE_SIGN_STYLE = Automatic;
				CURRENT_PROJECT_VERSION = 1;
				DEVELOPMENT_TEAM = FMQR7R9W5S;
				GENERATE_INFOPLIST_FILE = YES;
				MARKETING_VERSION = 1.0;
				PRODUCT_BUNDLE_IDENTIFIER = nipapa.tw.BaoAnGongFisherUITests;
				PRODUCT_NAME = "$(TARGET_NAME)";
				SWIFT_EMIT_LOC_STRINGS = NO;
				SWIFT_VERSION = 5.0;
				TARGETED_DEVICE_FAMILY = "1,2";
				TEST_TARGET_NAME = BaoAnGongFisher;
			};
			name = Release;
		};
/* End XCBuildConfiguration section */

/* Begin XCConfigurationList section */
		C04029D428C84E5900F83CD9 /* Build configuration list for PBXProject "BaoAnGongFisher" */ = {
			isa = XCConfigurationList;
			buildConfigurations = (
				C0402A0028C84E5A00F83CD9 /* Debug */,
				C0402A0128C84E5A00F83CD9 /* Release */,
			);
			defaultConfigurationIsVisible = 0;
			defaultConfigurationName = Release;
		};
		C0402A0228C84E5A00F83CD9 /* Build configuration list for PBXNativeTarget "BaoAnGongFisher" */ = {
			isa = XCConfigurationList;
			buildConfigurations = (
				C0402A0328C84E5A00F83CD9 /* Debug */,
				C0402A0428C84E5A00F83CD9 /* Release */,
			);
			defaultConfigurationIsVisible = 0;
			defaultConfigurationName = Release;
		};
		C0402A0528C84E5A00F83CD9 /* Build configuration list for PBXNativeTarget "BaoAnGongFisherTests" */ = {
			isa = XCConfigurationList;
			buildConfigurations = (
				C0402A0628C84E5A00F83CD9 /* Debug */,
				C0402A0728C84E5A00F83CD9 /* Release */,
			);
			defaultConfigurationIsVisible = 0;
			defaultConfigurationName = Release;
		};
		C0402A0828C84E5A00F83CD9 /* Build configuration list for PBXNativeTarget "BaoAnGongFisherUITests" */ = {
			isa = XCConfigurationList;
			buildConfigurations = (
				C0402A0928C84E5A00F83CD9 /* Debug */,
				C0402A0A28C84E5A00F83CD9 /* Release */,
			);
			defaultConfigurationIsVisible = 0;
			defaultConfigurationName = Release;
		};
/* End XCConfigurationList section */

/* Begin XCVersionGroup section */
		C04029E728C84E5A00F83CD9 /* BaoAnGongFisher.xcdatamodeld */ = {
			isa = XCVersionGroup;
			children = (
				C04029E828C84E5A00F83CD9 /* BaoAnGongFisher.xcdatamodel */,
			);
			currentVersion = C04029E828C84E5A00F83CD9 /* BaoAnGongFisher.xcdatamodel */;
			path = BaoAnGongFisher.xcdatamodeld;
			sourceTree = "<group>";
			versionGroupType = wrapper.xcdatamodel;
		};
/* End XCVersionGroup section */
	};
	rootObject = C04029D128C84E5900F83CD9 /* Project object */;
}
